
Microsoft Visual Studio Solution File, Format Version 12.00
# Visual Studio Version 17
VisualStudioVersion = 17.10.35013.160
MinimumVisualStudioVersion = 10.0.40219.1
Project("{9A19103F-16F7-4668-BE54-9A1E7A4F7556}") = "GdiCaptureDemo", "CaptureImageDemo\GdiCaptureDemo.csproj", "{882CB423-B600-488B-BA9C-F855DB36C09C}"
EndProject
Project("{FAE04EC0-301F-11D3-BF4B-00C04F79EFBC}") = "DxgiScreenCaptureDemo", "ScreenCaptureDemo\DxgiScreenCaptureDemo.csproj", "{F3A4C2A1-27BF-4B99-97DF-E2C4B3CE954E}"
EndProject
Global
	GlobalSection(SolutionConfigurationPlatforms) = preSolution
		Debug|Any CPU = Debug|Any CPU
		Release|Any CPU = Release|Any CPU
	EndGlobalSection
	GlobalSection(ProjectConfigurationPlatforms) = postSolution
		{882CB423-B600-488B-BA9C-F855DB36C09C}.Debug|Any CPU.ActiveCfg = Debug|Any CPU
		{882CB423-B600-488B-BA9C-F855DB36C09C}.Debug|Any CPU.Build.0 = Debug|Any CPU
		{882CB423-B600-488B-BA9C-F855DB36C09C}.Release|Any CPU.ActiveCfg = Release|Any CPU
		{882CB423-B600-488B-BA9C-F855DB36C09C}.Release|Any CPU.Build.0 = Release|Any CPU
		{F3A4C2A1-27BF-4B99-97DF-E2C4B3CE954E}.Debug|Any CPU.ActiveCfg = Debug|Any CPU
		{F3A4C2A1-27BF-4B99-97DF-E2C4B3CE954E}.Debug|Any CPU.Build.0 = Debug|Any CPU
		{F3A4C2A1-27BF-4B99-97DF-E2C4B3CE954E}.Release|Any CPU.ActiveCfg = Release|Any CPU
		{F3A4C2A1-27BF-4B99-97DF-E2C4B3CE954E}.Release|Any CPU.Build.0 = Release|Any CPU
	EndGlobalSection
	GlobalSection(SolutionProperties) = preSolution
		HideSolutionNode = FALSE
	EndGlobalSection
	GlobalSection(ExtensibilityGlobals) = postSolution
		SolutionGuid = {8A8C4E09-D3C9-4FB8-B7FB-17EE7853A7C5}
	EndGlobalSection
EndGlobal
